// !$*UTF8*$!
{
	archiveVersion = 1;
	classes = {
	};
	objectVersion = 50;
	objects = {

/* Begin PBXBuildFile section */
		5B2A313027484183008B310D /* Extensions.swift in Sources */ = {isa = PBXBuildFile; fileRef = 5B2A312F27484183008B310D /* Extensions.swift */; };
		5B619E0F27483A3900CD0EE7 /* DataRetrievalErrorView.xib in Resources */ = {isa = PBXBuildFile; fileRef = 5B619E0E27483A3900CD0EE7 /* DataRetrievalErrorView.xib */; };
		5B619E1427483B2A00CD0EE7 /* DataRetrievalErrorView.swift in Sources */ = {isa = PBXBuildFile; fileRef = 5B619E1327483B2A00CD0EE7 /* DataRetrievalErrorView.swift */; };
		5B9094B92747D1FE00704564 /* AppDelegate.swift in Sources */ = {isa = PBXBuildFile; fileRef = 5B9094B82747D1FE00704564 /* AppDelegate.swift */; };
		5B9094BB2747D1FE00704564 /* SceneDelegate.swift in Sources */ = {isa = PBXBuildFile; fileRef = 5B9094BA2747D1FE00704564 /* SceneDelegate.swift */; };
		5B9094BD2747D1FE00704564 /* ViewController.swift in Sources */ = {isa = PBXBuildFile; fileRef = 5B9094BC2747D1FE00704564 /* ViewController.swift */; };
		5B9094C02747D1FE00704564 /* Main.storyboard in Resources */ = {isa = PBXBuildFile; fileRef = 5B9094BE2747D1FE00704564 /* Main.storyboard */; };
		5B9094C22747D1FE00704564 /* Assets.xcassets in Resources */ = {isa = PBXBuildFile; fileRef = 5B9094C12747D1FE00704564 /* Assets.xcassets */; };
		5B9094C52747D1FE00704564 /* LaunchScreen.storyboard in Resources */ = {isa = PBXBuildFile; fileRef = 5B9094C32747D1FE00704564 /* LaunchScreen.storyboard */; };
		5B9094D02747D1FF00704564 /* GithubReposTests.swift in Sources */ = {isa = PBXBuildFile; fileRef = 5B9094CF2747D1FF00704564 /* GithubReposTests.swift */; };
		5B9094DB2747D1FF00704564 /* GithubReposUITests.swift in Sources */ = {isa = PBXBuildFile; fileRef = 5B9094DA2747D1FF00704564 /* GithubReposUITests.swift */; };
		5B9094F12747ECD200704564 /* ReposListViewController.swift in Sources */ = {isa = PBXBuildFile; fileRef = 5B9094EF2747ECD200704564 /* ReposListViewController.swift */; };
		5B9094F22747ECD200704564 /* ReposListViewController.xib in Resources */ = {isa = PBXBuildFile; fileRef = 5B9094F02747ECD200704564 /* ReposListViewController.xib */; };
		5B9094F72747ED4600704564 /* ReposListViewModel.swift in Sources */ = {isa = PBXBuildFile; fileRef = 5B9094F62747ED4600704564 /* ReposListViewModel.swift */; };
		5B9095072747F6C500704564 /* Repo.swift in Sources */ = {isa = PBXBuildFile; fileRef = 5B9095062747F6C500704564 /* Repo.swift */; };
		5B90950F2747F70100704564 /* RepoOwner.swift in Sources */ = {isa = PBXBuildFile; fileRef = 5B90950E2747F70100704564 /* RepoOwner.swift */; };
		5B9095192747FA4D00704564 /* ReposListViewModelFactory.swift in Sources */ = {isa = PBXBuildFile; fileRef = 5B9095182747FA4D00704564 /* ReposListViewModelFactory.swift */; };
		5B90952A2748099900704564 /* GithubReposNetworkLayer.swift in Sources */ = {isa = PBXBuildFile; fileRef = 5B9095292748099900704564 /* GithubReposNetworkLayer.swift */; };
		5B90952F274809DF00704564 /* NetworkLayer.swift in Sources */ = {isa = PBXBuildFile; fileRef = 5B90952E274809DF00704564 /* NetworkLayer.swift */; };
		5B90953427480A7700704564 /* TestNetworkLayer.swift in Sources */ = {isa = PBXBuildFile; fileRef = 5B90953327480A7700704564 /* TestNetworkLayer.swift */; };
		5B90953927480AAB00704564 /* NetworkLayerFactory.swift in Sources */ = {isa = PBXBuildFile; fileRef = 5B90953827480AAB00704564 /* NetworkLayerFactory.swift */; };
		5B90953E27481C7C00704564 /* ReposListViewControllerFactory.swift in Sources */ = {isa = PBXBuildFile; fileRef = 5B90953D27481C7C00704564 /* ReposListViewControllerFactory.swift */; };
		5BA38EA92748443600EE2D81 /* RepoTableViewCell.swift in Sources */ = {isa = PBXBuildFile; fileRef = 5BA38EA72748443500EE2D81 /* RepoTableViewCell.swift */; };
		5BA38EAA2748443600EE2D81 /* RepoTableViewCell.xib in Resources */ = {isa = PBXBuildFile; fileRef = 5BA38EA82748443500EE2D81 /* RepoTableViewCell.xib */; };
		5BA38EB72748535200EE2D81 /* RepoDetailsViewController.swift in Sources */ = {isa = PBXBuildFile; fileRef = 5BA38EB52748535200EE2D81 /* RepoDetailsViewController.swift */; };
		5BA38EB82748535200EE2D81 /* RepoDetailsViewController.xib in Resources */ = {isa = PBXBuildFile; fileRef = 5BA38EB62748535200EE2D81 /* RepoDetailsViewController.xib */; };
		8B61F00643E25C46309DA410 /* Pods_GithubRepos.framework in Frameworks */ = {isa = PBXBuildFile; fileRef = 0F50FF759FC91138A4A8F890 /* Pods_GithubRepos.framework */; };
		DE8E8E78747D6BA380478048 /* Pods_GithubRepos_GithubReposUITests.framework in Frameworks */ = {isa = PBXBuildFile; fileRef = 88D5CA5DAABE9BD331B0A65F /* Pods_GithubRepos_GithubReposUITests.framework */; };
		DF80386218A5974B0CA3377A /* Pods_GithubReposTests.framework in Frameworks */ = {isa = PBXBuildFile; fileRef = CFD47EC48C4233ACB20CCC6E /* Pods_GithubReposTests.framework */; };
/* End PBXBuildFile section */

/* Begin PBXContainerItemProxy section */
		5B9094CC2747D1FF00704564 /* PBXContainerItemProxy */ = {
			isa = PBXContainerItemProxy;
			containerPortal = 5B9094AD2747D1FE00704564 /* Project object */;
			proxyType = 1;
			remoteGlobalIDString = 5B9094B42747D1FE00704564;
			remoteInfo = GithubRepos;
		};
		5B9094D72747D1FF00704564 /* PBXContainerItemProxy */ = {
			isa = PBXContainerItemProxy;
			containerPortal = 5B9094AD2747D1FE00704564 /* Project object */;
			proxyType = 1;
			remoteGlobalIDString = 5B9094B42747D1FE00704564;
			remoteInfo = GithubRepos;
		};
/* End PBXContainerItemProxy section */

/* Begin PBXFileReference section */
		0F50FF759FC91138A4A8F890 /* Pods_GithubRepos.framework */ = {isa = PBXFileReference; explicitFileType = wrapper.framework; includeInIndex = 0; path = Pods_GithubRepos.framework; sourceTree = BUILT_PRODUCTS_DIR; };
		5B2A312F27484183008B310D /* Extensions.swift */ = {isa = PBXFileReference; lastKnownFileType = sourcecode.swift; path = Extensions.swift; sourceTree = "<group>"; };
		5B619E0E27483A3900CD0EE7 /* DataRetrievalErrorView.xib */ = {isa = PBXFileReference; lastKnownFileType = file.xib; path = DataRetrievalErrorView.xib; sourceTree = "<group>"; };
		5B619E1327483B2A00CD0EE7 /* DataRetrievalErrorView.swift */ = {isa = PBXFileReference; lastKnownFileType = sourcecode.swift; path = DataRetrievalErrorView.swift; sourceTree = "<group>"; };
		5B7EC3374B063B4F2B40EDD4 /* Pods-GithubRepos.release.xcconfig */ = {isa = PBXFileReference; includeInIndex = 1; lastKnownFileType = text.xcconfig; name = "Pods-GithubRepos.release.xcconfig"; path = "Target Support Files/Pods-GithubRepos/Pods-GithubRepos.release.xcconfig"; sourceTree = "<group>"; };
		5B9094B52747D1FE00704564 /* GithubRepos.app */ = {isa = PBXFileReference; explicitFileType = wrapper.application; includeInIndex = 0; path = GithubRepos.app; sourceTree = BUILT_PRODUCTS_DIR; };
		5B9094B82747D1FE00704564 /* AppDelegate.swift */ = {isa = PBXFileReference; lastKnownFileType = sourcecode.swift; path = AppDelegate.swift; sourceTree = "<group>"; };
		5B9094BA2747D1FE00704564 /* SceneDelegate.swift */ = {isa = PBXFileReference; lastKnownFileType = sourcecode.swift; path = SceneDelegate.swift; sourceTree = "<group>"; };
		5B9094BC2747D1FE00704564 /* ViewController.swift */ = {isa = PBXFileReference; lastKnownFileType = sourcecode.swift; path = ViewController.swift; sourceTree = "<group>"; };
		5B9094BF2747D1FE00704564 /* Base */ = {isa = PBXFileReference; lastKnownFileType = file.storyboard; name = Base; path = Base.lproj/Main.storyboard; sourceTree = "<group>"; };
		5B9094C12747D1FE00704564 /* Assets.xcassets */ = {isa = PBXFileReference; lastKnownFileType = folder.assetcatalog; path = Assets.xcassets; sourceTree = "<group>"; };
		5B9094C42747D1FE00704564 /* Base */ = {isa = PBXFileReference; lastKnownFileType = file.storyboard; name = Base; path = Base.lproj/LaunchScreen.storyboard; sourceTree = "<group>"; };
		5B9094C62747D1FE00704564 /* Info.plist */ = {isa = PBXFileReference; lastKnownFileType = text.plist.xml; path = Info.plist; sourceTree = "<group>"; };
		5B9094CB2747D1FF00704564 /* GithubReposTests.xctest */ = {isa = PBXFileReference; explicitFileType = wrapper.cfbundle; includeInIndex = 0; path = GithubReposTests.xctest; sourceTree = BUILT_PRODUCTS_DIR; };
		5B9094CF2747D1FF00704564 /* GithubReposTests.swift */ = {isa = PBXFileReference; lastKnownFileType = sourcecode.swift; path = GithubReposTests.swift; sourceTree = "<group>"; };
		5B9094D12747D1FF00704564 /* Info.plist */ = {isa = PBXFileReference; lastKnownFileType = text.plist.xml; path = Info.plist; sourceTree = "<group>"; };
		5B9094D62747D1FF00704564 /* GithubReposUITests.xctest */ = {isa = PBXFileReference; explicitFileType = wrapper.cfbundle; includeInIndex = 0; path = GithubReposUITests.xctest; sourceTree = BUILT_PRODUCTS_DIR; };
		5B9094DA2747D1FF00704564 /* GithubReposUITests.swift */ = {isa = PBXFileReference; lastKnownFileType = sourcecode.swift; path = GithubReposUITests.swift; sourceTree = "<group>"; };
		5B9094DC2747D1FF00704564 /* Info.plist */ = {isa = PBXFileReference; lastKnownFileType = text.plist.xml; path = Info.plist; sourceTree = "<group>"; };
		5B9094EF2747ECD200704564 /* ReposListViewController.swift */ = {isa = PBXFileReference; lastKnownFileType = sourcecode.swift; path = ReposListViewController.swift; sourceTree = "<group>"; };
		5B9094F02747ECD200704564 /* ReposListViewController.xib */ = {isa = PBXFileReference; lastKnownFileType = file.xib; path = ReposListViewController.xib; sourceTree = "<group>"; };
		5B9094F62747ED4600704564 /* ReposListViewModel.swift */ = {isa = PBXFileReference; lastKnownFileType = sourcecode.swift; path = ReposListViewModel.swift; sourceTree = "<group>"; };
		5B9095062747F6C500704564 /* Repo.swift */ = {isa = PBXFileReference; lastKnownFileType = sourcecode.swift; path = Repo.swift; sourceTree = "<group>"; };
		5B90950E2747F70100704564 /* RepoOwner.swift */ = {isa = PBXFileReference; lastKnownFileType = sourcecode.swift; path = RepoOwner.swift; sourceTree = "<group>"; };
		5B9095182747FA4D00704564 /* ReposListViewModelFactory.swift */ = {isa = PBXFileReference; lastKnownFileType = sourcecode.swift; path = ReposListViewModelFactory.swift; sourceTree = "<group>"; };
		5B9095292748099900704564 /* GithubReposNetworkLayer.swift */ = {isa = PBXFileReference; lastKnownFileType = sourcecode.swift; path = GithubReposNetworkLayer.swift; sourceTree = "<group>"; };
		5B90952E274809DF00704564 /* NetworkLayer.swift */ = {isa = PBXFileReference; lastKnownFileType = sourcecode.swift; path = NetworkLayer.swift; sourceTree = "<group>"; };
		5B90953327480A7700704564 /* TestNetworkLayer.swift */ = {isa = PBXFileReference; lastKnownFileType = sourcecode.swift; path = TestNetworkLayer.swift; sourceTree = "<group>"; };
		5B90953827480AAB00704564 /* NetworkLayerFactory.swift */ = {isa = PBXFileReference; lastKnownFileType = sourcecode.swift; path = NetworkLayerFactory.swift; sourceTree = "<group>"; };
		5B90953D27481C7C00704564 /* ReposListViewControllerFactory.swift */ = {isa = PBXFileReference; lastKnownFileType = sourcecode.swift; path = ReposListViewControllerFactory.swift; sourceTree = "<group>"; };
		5BA38EA72748443500EE2D81 /* RepoTableViewCell.swift */ = {isa = PBXFileReference; lastKnownFileType = sourcecode.swift; path = RepoTableViewCell.swift; sourceTree = "<group>"; };
		5BA38EA82748443500EE2D81 /* RepoTableViewCell.xib */ = {isa = PBXFileReference; lastKnownFileType = file.xib; path = RepoTableViewCell.xib; sourceTree = "<group>"; };
		5BA38EB52748535200EE2D81 /* RepoDetailsViewController.swift */ = {isa = PBXFileReference; lastKnownFileType = sourcecode.swift; path = RepoDetailsViewController.swift; sourceTree = "<group>"; };
		5BA38EB62748535200EE2D81 /* RepoDetailsViewController.xib */ = {isa = PBXFileReference; lastKnownFileType = file.xib; path = RepoDetailsViewController.xib; sourceTree = "<group>"; };
		84028F0E64F403816285C141 /* Pods-GithubRepos.debug.xcconfig */ = {isa = PBXFileReference; includeInIndex = 1; lastKnownFileType = text.xcconfig; name = "Pods-GithubRepos.debug.xcconfig"; path = "Target Support Files/Pods-GithubRepos/Pods-GithubRepos.debug.xcconfig"; sourceTree = "<group>"; };
		88D5CA5DAABE9BD331B0A65F /* Pods_GithubRepos_GithubReposUITests.framework */ = {isa = PBXFileReference; explicitFileType = wrapper.framework; includeInIndex = 0; path = Pods_GithubRepos_GithubReposUITests.framework; sourceTree = BUILT_PRODUCTS_DIR; };
		8EC18CC7A676EE1196F3DC1B /* Pods-GithubReposTests.release.xcconfig */ = {isa = PBXFileReference; includeInIndex = 1; lastKnownFileType = text.xcconfig; name = "Pods-GithubReposTests.release.xcconfig"; path = "Target Support Files/Pods-GithubReposTests/Pods-GithubReposTests.release.xcconfig"; sourceTree = "<group>"; };
		A29328C1FE92036DEB27E6D3 /* Pods-GithubRepos-GithubReposUITests.release.xcconfig */ = {isa = PBXFileReference; includeInIndex = 1; lastKnownFileType = text.xcconfig; name = "Pods-GithubRepos-GithubReposUITests.release.xcconfig"; path = "Target Support Files/Pods-GithubRepos-GithubReposUITests/Pods-GithubRepos-GithubReposUITests.release.xcconfig"; sourceTree = "<group>"; };
		C38B7263E22CF5D8E155221B /* Pods-GithubRepos-GithubReposUITests.debug.xcconfig */ = {isa = PBXFileReference; includeInIndex = 1; lastKnownFileType = text.xcconfig; name = "Pods-GithubRepos-GithubReposUITests.debug.xcconfig"; path = "Target Support Files/Pods-GithubRepos-GithubReposUITests/Pods-GithubRepos-GithubReposUITests.debug.xcconfig"; sourceTree = "<group>"; };
		CFD47EC48C4233ACB20CCC6E /* Pods_GithubReposTests.framework */ = {isa = PBXFileReference; explicitFileType = wrapper.framework; includeInIndex = 0; path = Pods_GithubReposTests.framework; sourceTree = BUILT_PRODUCTS_DIR; };
		D4EAD3356F242BB41B282F92 /* Pods-GithubReposTests.debug.xcconfig */ = {isa = PBXFileReference; includeInIndex = 1; lastKnownFileType = text.xcconfig; name = "Pods-GithubReposTests.debug.xcconfig"; path = "Target Support Files/Pods-GithubReposTests/Pods-GithubReposTests.debug.xcconfig"; sourceTree = "<group>"; };
/* End PBXFileReference section */

/* Begin PBXFrameworksBuildPhase section */
		5B9094B22747D1FE00704564 /* Frameworks */ = {
			isa = PBXFrameworksBuildPhase;
			buildActionMask = 2147483647;
			files = (
				8B61F00643E25C46309DA410 /* Pods_GithubRepos.framework in Frameworks */,
			);
			runOnlyForDeploymentPostprocessing = 0;
		};
		5B9094C82747D1FF00704564 /* Frameworks */ = {
			isa = PBXFrameworksBuildPhase;
			buildActionMask = 2147483647;
			files = (
				DF80386218A5974B0CA3377A /* Pods_GithubReposTests.framework in Frameworks */,
			);
			runOnlyForDeploymentPostprocessing = 0;
		};
		5B9094D32747D1FF00704564 /* Frameworks */ = {
			isa = PBXFrameworksBuildPhase;
			buildActionMask = 2147483647;
			files = (
				DE8E8E78747D6BA380478048 /* Pods_GithubRepos_GithubReposUITests.framework in Frameworks */,
			);
			runOnlyForDeploymentPostprocessing = 0;
		};
/* End PBXFrameworksBuildPhase section */

/* Begin PBXGroup section */
		55F35B15E7155F9BA1CDE8B3 /* Frameworks */ = {
			isa = PBXGroup;
			children = (
				0F50FF759FC91138A4A8F890 /* Pods_GithubRepos.framework */,
				88D5CA5DAABE9BD331B0A65F /* Pods_GithubRepos_GithubReposUITests.framework */,
				CFD47EC48C4233ACB20CCC6E /* Pods_GithubReposTests.framework */,
			);
			name = Frameworks;
			sourceTree = "<group>";
		};
		5B619DCB2748397800CD0EE7 /* FailedView */ = {
			isa = PBXGroup;
			children = (
				5B619E0E27483A3900CD0EE7 /* DataRetrievalErrorView.xib */,
				5B619E1327483B2A00CD0EE7 /* DataRetrievalErrorView.swift */,
			);
			path = FailedView;
			sourceTree = "<group>";
		};
		5B9094AC2747D1FE00704564 = {
			isa = PBXGroup;
			children = (
				5B9094B72747D1FE00704564 /* GithubRepos */,
				5B9094CE2747D1FF00704564 /* GithubReposTests */,
				5B9094D92747D1FF00704564 /* GithubReposUITests */,
				5B9094B62747D1FE00704564 /* Products */,
				DECD3A6B0385D434C2045ED1 /* Pods */,
				55F35B15E7155F9BA1CDE8B3 /* Frameworks */,
			);
			sourceTree = "<group>";
		};
		5B9094B62747D1FE00704564 /* Products */ = {
			isa = PBXGroup;
			children = (
				5B9094B52747D1FE00704564 /* GithubRepos.app */,
				5B9094CB2747D1FF00704564 /* GithubReposTests.xctest */,
				5B9094D62747D1FF00704564 /* GithubReposUITests.xctest */,
			);
			name = Products;
			sourceTree = "<group>";
		};
		5B9094B72747D1FE00704564 /* GithubRepos */ = {
			isa = PBXGroup;
			children = (
				5B9095282748096500704564 /* NetworkLayer */,
				5B9095052747F6B500704564 /* Models */,
				5B9095042747F6A500704564 /* Protocols */,
				5B9094FB2747ED6300704564 /* Factories */,
				5B9094EB2747EB0800704564 /* ReposList */,
				5BA38EB42748533200EE2D81 /* RepoDetails */,
				5B9094B82747D1FE00704564 /* AppDelegate.swift */,
				5B9094BA2747D1FE00704564 /* SceneDelegate.swift */,
				5B9094BC2747D1FE00704564 /* ViewController.swift */,
				5B9094BE2747D1FE00704564 /* Main.storyboard */,
				5B9094C12747D1FE00704564 /* Assets.xcassets */,
				5B9094C32747D1FE00704564 /* LaunchScreen.storyboard */,
				5B9094C62747D1FE00704564 /* Info.plist */,
				5B2A312F27484183008B310D /* Extensions.swift */,
			);
			path = GithubRepos;
			sourceTree = "<group>";
		};
		5B9094CE2747D1FF00704564 /* GithubReposTests */ = {
			isa = PBXGroup;
			children = (
				5B9094CF2747D1FF00704564 /* GithubReposTests.swift */,
				5B9094D12747D1FF00704564 /* Info.plist */,
			);
			path = GithubReposTests;
			sourceTree = "<group>";
		};
		5B9094D92747D1FF00704564 /* GithubReposUITests */ = {
			isa = PBXGroup;
			children = (
				5B9094DA2747D1FF00704564 /* GithubReposUITests.swift */,
				5B9094DC2747D1FF00704564 /* Info.plist */,
			);
			path = GithubReposUITests;
			sourceTree = "<group>";
		};
		5B9094EB2747EB0800704564 /* ReposList */ = {
			isa = PBXGroup;
			children = (
				5B9094EE2747EB4400704564 /* ViewModels */,
				5B9094ED2747EB3B00704564 /* Controllers */,
				5B9094EC2747EB1A00704564 /* Views */,
			);
			path = ReposList;
			sourceTree = "<group>";
		};
		5B9094EC2747EB1A00704564 /* Views */ = {
			isa = PBXGroup;
			children = (
				5BA38EA62748441C00EE2D81 /* cell */,
				5B619DCB2748397800CD0EE7 /* FailedView */,
				5B9094F02747ECD200704564 /* ReposListViewController.xib */,
			);
			path = Views;
			sourceTree = "<group>";
		};
		5B9094ED2747EB3B00704564 /* Controllers */ = {
			isa = PBXGroup;
			children = (
				5B9094EF2747ECD200704564 /* ReposListViewController.swift */,
			);
			path = Controllers;
			sourceTree = "<group>";
		};
		5B9094EE2747EB4400704564 /* ViewModels */ = {
			isa = PBXGroup;
			children = (
				5B9094F62747ED4600704564 /* ReposListViewModel.swift */,
			);
			path = ViewModels;
			sourceTree = "<group>";
		};
		5B9094FB2747ED6300704564 /* Factories */ = {
			isa = PBXGroup;
			children = (
				5B9095182747FA4D00704564 /* ReposListViewModelFactory.swift */,
				5B90953827480AAB00704564 /* NetworkLayerFactory.swift */,
				5B90953D27481C7C00704564 /* ReposListViewControllerFactory.swift */,
			);
			path = Factories;
			sourceTree = "<group>";
		};
		5B9095042747F6A500704564 /* Protocols */ = {
			isa = PBXGroup;
			children = (
				5B90952E274809DF00704564 /* NetworkLayer.swift */,
			);
			path = Protocols;
			sourceTree = "<group>";
		};
		5B9095052747F6B500704564 /* Models */ = {
			isa = PBXGroup;
			children = (
				5B9095062747F6C500704564 /* Repo.swift */,
				5B90950E2747F70100704564 /* RepoOwner.swift */,
			);
			path = Models;
			sourceTree = "<group>";
		};
		5B9095282748096500704564 /* NetworkLayer */ = {
			isa = PBXGroup;
			children = (
				5B9095292748099900704564 /* GithubReposNetworkLayer.swift */,
				5B90953327480A7700704564 /* TestNetworkLayer.swift */,
			);
			path = NetworkLayer;
			sourceTree = "<group>";
		};
		5BA38EA62748441C00EE2D81 /* cell */ = {
			isa = PBXGroup;
			children = (
				5BA38EA72748443500EE2D81 /* RepoTableViewCell.swift */,
				5BA38EA82748443500EE2D81 /* RepoTableViewCell.xib */,
			);
			path = cell;
			sourceTree = "<group>";
		};
		5BA38EB42748533200EE2D81 /* RepoDetails */ = {
			isa = PBXGroup;
			children = (
				5BA38EB52748535200EE2D81 /* RepoDetailsViewController.swift */,
				5BA38EB62748535200EE2D81 /* RepoDetailsViewController.xib */,
			);
			path = RepoDetails;
			sourceTree = "<group>";
		};
		DECD3A6B0385D434C2045ED1 /* Pods */ = {
			isa = PBXGroup;
			children = (
				84028F0E64F403816285C141 /* Pods-GithubRepos.debug.xcconfig */,
				5B7EC3374B063B4F2B40EDD4 /* Pods-GithubRepos.release.xcconfig */,
				C38B7263E22CF5D8E155221B /* Pods-GithubRepos-GithubReposUITests.debug.xcconfig */,
				A29328C1FE92036DEB27E6D3 /* Pods-GithubRepos-GithubReposUITests.release.xcconfig */,
				D4EAD3356F242BB41B282F92 /* Pods-GithubReposTests.debug.xcconfig */,
				8EC18CC7A676EE1196F3DC1B /* Pods-GithubReposTests.release.xcconfig */,
			);
			path = Pods;
			sourceTree = "<group>";
		};
/* End PBXGroup section */

/* Begin PBXNativeTarget section */
		5B9094B42747D1FE00704564 /* GithubRepos */ = {
			isa = PBXNativeTarget;
			buildConfigurationList = 5B9094DF2747D1FF00704564 /* Build configuration list for PBXNativeTarget "GithubRepos" */;
			buildPhases = (
				92253342534EEDB862C45413 /* [CP] Check Pods Manifest.lock */,
				5B9094B12747D1FE00704564 /* Sources */,
				5B9094B22747D1FE00704564 /* Frameworks */,
				5B9094B32747D1FE00704564 /* Resources */,
			);
			buildRules = (
			);
			dependencies = (
			);
			name = GithubRepos;
			productName = GithubRepos;
			productReference = 5B9094B52747D1FE00704564 /* GithubRepos.app */;
			productType = "com.apple.product-type.application";
		};
		5B9094CA2747D1FF00704564 /* GithubReposTests */ = {
			isa = PBXNativeTarget;
			buildConfigurationList = 5B9094E22747D1FF00704564 /* Build configuration list for PBXNativeTarget "GithubReposTests" */;
			buildPhases = (
				D834FC48E9640AF63753DACB /* [CP] Check Pods Manifest.lock */,
				5B9094C72747D1FF00704564 /* Sources */,
				5B9094C82747D1FF00704564 /* Frameworks */,
				5B9094C92747D1FF00704564 /* Resources */,
			);
			buildRules = (
			);
			dependencies = (
				5B9094CD2747D1FF00704564 /* PBXTargetDependency */,
			);
			name = GithubReposTests;
			productName = GithubReposTests;
			productReference = 5B9094CB2747D1FF00704564 /* GithubReposTests.xctest */;
			productType = "com.apple.product-type.bundle.unit-test";
		};
		5B9094D52747D1FF00704564 /* GithubReposUITests */ = {
			isa = PBXNativeTarget;
			buildConfigurationList = 5B9094E52747D1FF00704564 /* Build configuration list for PBXNativeTarget "GithubReposUITests" */;
			buildPhases = (
				744F12CD2C9671012E531FA6 /* [CP] Check Pods Manifest.lock */,
				5B9094D22747D1FF00704564 /* Sources */,
				5B9094D32747D1FF00704564 /* Frameworks */,
				5B9094D42747D1FF00704564 /* Resources */,
			);
			buildRules = (
			);
			dependencies = (
				5B9094D82747D1FF00704564 /* PBXTargetDependency */,
			);
			name = GithubReposUITests;
			productName = GithubReposUITests;
			productReference = 5B9094D62747D1FF00704564 /* GithubReposUITests.xctest */;
			productType = "com.apple.product-type.bundle.ui-testing";
		};
/* End PBXNativeTarget section */

/* Begin PBXProject section */
		5B9094AD2747D1FE00704564 /* Project object */ = {
			isa = PBXProject;
			attributes = {
				LastSwiftUpdateCheck = 1240;
				LastUpgradeCheck = 1240;
				TargetAttributes = {
					5B9094B42747D1FE00704564 = {
						CreatedOnToolsVersion = 12.4;
					};
					5B9094CA2747D1FF00704564 = {
						CreatedOnToolsVersion = 12.4;
						TestTargetID = 5B9094B42747D1FE00704564;
					};
					5B9094D52747D1FF00704564 = {
						CreatedOnToolsVersion = 12.4;
						TestTargetID = 5B9094B42747D1FE00704564;
					};
				};
			};
			buildConfigurationList = 5B9094B02747D1FE00704564 /* Build configuration list for PBXProject "GithubRepos" */;
			compatibilityVersion = "Xcode 9.3";
			developmentRegion = en;
			hasScannedForEncodings = 0;
			knownRegions = (
				en,
				Base,
			);
			mainGroup = 5B9094AC2747D1FE00704564;
			productRefGroup = 5B9094B62747D1FE00704564 /* Products */;
			projectDirPath = "";
			projectRoot = "";
			targets = (
				5B9094B42747D1FE00704564 /* GithubRepos */,
				5B9094CA2747D1FF00704564 /* GithubReposTests */,
				5B9094D52747D1FF00704564 /* GithubReposUITests */,
			);
		};
/* End PBXProject section */

/* Begin PBXResourcesBuildPhase section */
		5B9094B32747D1FE00704564 /* Resources */ = {
			isa = PBXResourcesBuildPhase;
			buildActionMask = 2147483647;
			files = (
				5BA38EB82748535200EE2D81 /* RepoDetailsViewController.xib in Resources */,
				5B9094F22747ECD200704564 /* ReposListViewController.xib in Resources */,
				5B9094C52747D1FE00704564 /* LaunchScreen.storyboard in Resources */,
				5B9094C22747D1FE00704564 /* Assets.xcassets in Resources */,
				5B619E0F27483A3900CD0EE7 /* DataRetrievalErrorView.xib in Resources */,
				5B9094C02747D1FE00704564 /* Main.storyboard in Resources */,
				5BA38EAA2748443600EE2D81 /* RepoTableViewCell.xib in Resources */,
			);
			runOnlyForDeploymentPostprocessing = 0;
		};
		5B9094C92747D1FF00704564 /* Resources */ = {
			isa = PBXResourcesBuildPhase;
			buildActionMask = 2147483647;
			files = (
			);
			runOnlyForDeploymentPostprocessing = 0;
		};
		5B9094D42747D1FF00704564 /* Resources */ = {
			isa = PBXResourcesBuildPhase;
			buildActionMask = 2147483647;
			files = (
			);
			runOnlyForDeploymentPostprocessing = 0;
		};
/* End PBXResourcesBuildPhase section */

/* Begin PBXShellScriptBuildPhase section */
		744F12CD2C9671012E531FA6 /* [CP] Check Pods Manifest.lock */ = {
			isa = PBXShellScriptBuildPhase;
			buildActionMask = 2147483647;
			files = (
			);
			inputFileListPaths = (
			);
			inputPaths = (
				"${PODS_PODFILE_DIR_PATH}/Podfile.lock",
				"${PODS_ROOT}/Manifest.lock",
			);
			name = "[CP] Check Pods Manifest.lock";
			outputFileListPaths = (
			);
			outputPaths = (
				"$(DERIVED_FILE_DIR)/Pods-GithubRepos-GithubReposUITests-checkManifestLockResult.txt",
			);
			runOnlyForDeploymentPostprocessing = 0;
			shellPath = /bin/sh;
			shellScript = "diff \"${PODS_PODFILE_DIR_PATH}/Podfile.lock\" \"${PODS_ROOT}/Manifest.lock\" > /dev/null\nif [ $? != 0 ] ; then\n    # print error to STDERR\n    echo \"error: The sandbox is not in sync with the Podfile.lock. Run 'pod install' or update your CocoaPods installation.\" >&2\n    exit 1\nfi\n# This output is used by Xcode 'outputs' to avoid re-running this script phase.\necho \"SUCCESS\" > \"${SCRIPT_OUTPUT_FILE_0}\"\n";
			showEnvVarsInLog = 0;
		};
		92253342534EEDB862C45413 /* [CP] Check Pods Manifest.lock */ = {
			isa = PBXShellScriptBuildPhase;
			buildActionMask = 2147483647;
			files = (
			);
			inputFileListPaths = (
			);
			inputPaths = (
				"${PODS_PODFILE_DIR_PATH}/Podfile.lock",
				"${PODS_ROOT}/Manifest.lock",
			);
			name = "[CP] Check Pods Manifest.lock";
			outputFileListPaths = (
			);
			outputPaths = (
				"$(DERIVED_FILE_DIR)/Pods-GithubRepos-checkManifestLockResult.txt",
			);
			runOnlyForDeploymentPostprocessing = 0;
			shellPath = /bin/sh;
			shellScript = "diff \"${PODS_PODFILE_DIR_PATH}/Podfile.lock\" \"${PODS_ROOT}/Manifest.lock\" > /dev/null\nif [ $? != 0 ] ; then\n    # print error to STDERR\n    echo \"error: The sandbox is not in sync with the Podfile.lock. Run 'pod install' or update your CocoaPods installation.\" >&2\n    exit 1\nfi\n# This output is used by Xcode 'outputs' to avoid re-running this script phase.\necho \"SUCCESS\" > \"${SCRIPT_OUTPUT_FILE_0}\"\n";
			showEnvVarsInLog = 0;
		};
		D834FC48E9640AF63753DACB /* [CP] Check Pods Manifest.lock */ = {
			isa = PBXShellScriptBuildPhase;
			buildActionMask = 2147483647;
			files = (
			);
			inputFileListPaths = (
			);
			inputPaths = (
				"${PODS_PODFILE_DIR_PATH}/Podfile.lock",
				"${PODS_ROOT}/Manifest.lock",
			);
			name = "[CP] Check Pods Manifest.lock";
			outputFileListPaths = (
			);
			outputPaths = (
				"$(DERIVED_FILE_DIR)/Pods-GithubReposTests-checkManifestLockResult.txt",
			);
			runOnlyForDeploymentPostprocessing = 0;
			shellPath = /bin/sh;
			shellScript = "diff \"${PODS_PODFILE_DIR_PATH}/Podfile.lock\" \"${PODS_ROOT}/Manifest.lock\" > /dev/null\nif [ $? != 0 ] ; then\n    # print error to STDERR\n    echo \"error: The sandbox is not in sync with the Podfile.lock. Run 'pod install' or update your CocoaPods installation.\" >&2\n    exit 1\nfi\n# This output is used by Xcode 'outputs' to avoid re-running this script phase.\necho \"SUCCESS\" > \"${SCRIPT_OUTPUT_FILE_0}\"\n";
			showEnvVarsInLog = 0;
		};
/* End PBXShellScriptBuildPhase section */

/* Begin PBXSourcesBuildPhase section */
		5B9094B12747D1FE00704564 /* Sources */ = {
			isa = PBXSourcesBuildPhase;
			buildActionMask = 2147483647;
			files = (
				5B90952F274809DF00704564 /* NetworkLayer.swift in Sources */,
				5B619E1427483B2A00CD0EE7 /* DataRetrievalErrorView.swift in Sources */,
				5BA38EA92748443600EE2D81 /* RepoTableViewCell.swift in Sources */,
				5B9095072747F6C500704564 /* Repo.swift in Sources */,
				5B90953927480AAB00704564 /* NetworkLayerFactory.swift in Sources */,
				5B90953E27481C7C00704564 /* ReposListViewControllerFactory.swift in Sources */,
				5B9095192747FA4D00704564 /* ReposListViewModelFactory.swift in Sources */,
				5B2A313027484183008B310D /* Extensions.swift in Sources */,
				5B9094F72747ED4600704564 /* ReposListViewModel.swift in Sources */,
				5B9094F12747ECD200704564 /* ReposListViewController.swift in Sources */,
				5B90950F2747F70100704564 /* RepoOwner.swift in Sources */,
				5B90952A2748099900704564 /* GithubReposNetworkLayer.swift in Sources */,
				5BA38EB72748535200EE2D81 /* RepoDetailsViewController.swift in Sources */,
				5B90953427480A7700704564 /* TestNetworkLayer.swift in Sources */,
				5B9094BD2747D1FE00704564 /* ViewController.swift in Sources */,
				5B9094B92747D1FE00704564 /* AppDelegate.swift in Sources */,
				5B9094BB2747D1FE00704564 /* SceneDelegate.swift in Sources */,
			);
			runOnlyForDeploymentPostprocessing = 0;
		};
		5B9094C72747D1FF00704564 /* Sources */ = {
			isa = PBXSourcesBuildPhase;
			buildActionMask = 2147483647;
			files = (
				5B9094D02747D1FF00704564 /* GithubReposTests.swift in Sources */,
			);
			runOnlyForDeploymentPostprocessing = 0;
		};
		5B9094D22747D1FF00704564 /* Sources */ = {
			isa = PBXSourcesBuildPhase;
			buildActionMask = 2147483647;
			files = (
				5B9094DB2747D1FF00704564 /* GithubReposUITests.swift in Sources */,
			);
			runOnlyForDeploymentPostprocessing = 0;
		};
/* End PBXSourcesBuildPhase section */

/* Begin PBXTargetDependency section */
		5B9094CD2747D1FF00704564 /* PBXTargetDependency */ = {
			isa = PBXTargetDependency;
			target = 5B9094B42747D1FE00704564 /* GithubRepos */;
			targetProxy = 5B9094CC2747D1FF00704564 /* PBXContainerItemProxy */;
		};
		5B9094D82747D1FF00704564 /* PBXTargetDependency */ = {
			isa = PBXTargetDependency;
			target = 5B9094B42747D1FE00704564 /* GithubRepos */;
			targetProxy = 5B9094D72747D1FF00704564 /* PBXContainerItemProxy */;
		};
/* End PBXTargetDependency section */

/* Begin PBXVariantGroup section */
		5B9094BE2747D1FE00704564 /* Main.storyboard */ = {
			isa = PBXVariantGroup;
			children = (
				5B9094BF2747D1FE00704564 /* Base */,
			);
			name = Main.storyboard;
			sourceTree = "<group>";
		};
		5B9094C32747D1FE00704564 /* LaunchScreen.storyboard */ = {
			isa = PBXVariantGroup;
			children = (
				5B9094C42747D1FE00704564 /* Base */,
			);
			name = LaunchScreen.storyboard;
			sourceTree = "<group>";
		};
/* End PBXVariantGroup section */

/* Begin XCBuildConfiguration section */
		5B9094DD2747D1FF00704564 /* Debug */ = {
			isa = XCBuildConfiguration;
			buildSettings = {
				ALWAYS_SEARCH_USER_PATHS = NO;
				CLANG_ANALYZER_NONNULL = YES;
				CLANG_ANALYZER_NUMBER_OBJECT_CONVERSION = YES_AGGRESSIVE;
				CLANG_CXX_LANGUAGE_STANDARD = "gnu++14";
				CLANG_CXX_LIBRARY = "libc++";
				CLANG_ENABLE_MODULES = YES;
				CLANG_ENABLE_OBJC_ARC = YES;
				CLANG_ENABLE_OBJC_WEAK = YES;
				CLANG_WARN_BLOCK_CAPTURE_AUTORELEASING = YES;
				CLANG_WARN_BOOL_CONVERSION = YES;
				CLANG_WARN_COMMA = YES;
				CLANG_WARN_CONSTANT_CONVERSION = YES;
				CLANG_WARN_DEPRECATED_OBJC_IMPLEMENTATIONS = YES;
				CLANG_WARN_DIRECT_OBJC_ISA_USAGE = YES_ERROR;
				CLANG_WARN_DOCUMENTATION_COMMENTS = YES;
				CLANG_WARN_EMPTY_BODY = YES;
				CLANG_WARN_ENUM_CONVERSION = YES;
				CLANG_WARN_INFINITE_RECURSION = YES;
				CLANG_WARN_INT_CONVERSION = YES;
				CLANG_WARN_NON_LITERAL_NULL_CONVERSION = YES;
				CLANG_WARN_OBJC_IMPLICIT_RETAIN_SELF = YES;
				CLANG_WARN_OBJC_LITERAL_CONVERSION = YES;
				CLANG_WARN_OBJC_ROOT_CLASS = YES_ERROR;
				CLANG_WARN_QUOTED_INCLUDE_IN_FRAMEWORK_HEADER = YES;
				CLANG_WARN_RANGE_LOOP_ANALYSIS = YES;
				CLANG_WARN_STRICT_PROTOTYPES = YES;
				CLANG_WARN_SUSPICIOUS_MOVE = YES;
				CLANG_WARN_UNGUARDED_AVAILABILITY = YES_AGGRESSIVE;
				CLANG_WARN_UNREACHABLE_CODE = YES;
				CLANG_WARN__DUPLICATE_METHOD_MATCH = YES;
				COPY_PHASE_STRIP = NO;
				DEBUG_INFORMATION_FORMAT = dwarf;
				ENABLE_STRICT_OBJC_MSGSEND = YES;
				ENABLE_TESTABILITY = YES;
				GCC_C_LANGUAGE_STANDARD = gnu11;
				GCC_DYNAMIC_NO_PIC = NO;
				GCC_NO_COMMON_BLOCKS = YES;
				GCC_OPTIMIZATION_LEVEL = 0;
				GCC_PREPROCESSOR_DEFINITIONS = (
					"DEBUG=1",
					"$(inherited)",
				);
				GCC_WARN_64_TO_32_BIT_CONVERSION = YES;
				GCC_WARN_ABOUT_RETURN_TYPE = YES_ERROR;
				GCC_WARN_UNDECLARED_SELECTOR = YES;
				GCC_WARN_UNINITIALIZED_AUTOS = YES_AGGRESSIVE;
				GCC_WARN_UNUSED_FUNCTION = YES;
				GCC_WARN_UNUSED_VARIABLE = YES;
				IPHONEOS_DEPLOYMENT_TARGET = 14.4;
				MTL_ENABLE_DEBUG_INFO = INCLUDE_SOURCE;
				MTL_FAST_MATH = YES;
				ONLY_ACTIVE_ARCH = YES;
				SDKROOT = iphoneos;
				SWIFT_ACTIVE_COMPILATION_CONDITIONS = DEBUG;
				SWIFT_OPTIMIZATION_LEVEL = "-Onone";
			};
			name = Debug;
		};
		5B9094DE2747D1FF00704564 /* Release */ = {
			isa = XCBuildConfiguration;
			buildSettings = {
				ALWAYS_SEARCH_USER_PATHS = NO;
				CLANG_ANALYZER_NONNULL = YES;
				CLANG_ANALYZER_NUMBER_OBJECT_CONVERSION = YES_AGGRESSIVE;
				CLANG_CXX_LANGUAGE_STANDARD = "gnu++14";
				CLANG_CXX_LIBRARY = "libc++";
				CLANG_ENABLE_MODULES = YES;
				CLANG_ENABLE_OBJC_ARC = YES;
				CLANG_ENABLE_OBJC_WEAK = YES;
				CLANG_WARN_BLOCK_CAPTURE_AUTORELEASING = YES;
				CLANG_WARN_BOOL_CONVERSION = YES;
				CLANG_WARN_COMMA = YES;
				CLANG_WARN_CONSTANT_CONVERSION = YES;
				CLANG_WARN_DEPRECATED_OBJC_IMPLEMENTATIONS = YES;
				CLANG_WARN_DIRECT_OBJC_ISA_USAGE = YES_ERROR;
				CLANG_WARN_DOCUMENTATION_COMMENTS = YES;
				CLANG_WARN_EMPTY_BODY = YES;
				CLANG_WARN_ENUM_CONVERSION = YES;
				CLANG_WARN_INFINITE_RECURSION = YES;
				CLANG_WARN_INT_CONVERSION = YES;
				CLANG_WARN_NON_LITERAL_NULL_CONVERSION = YES;
				CLANG_WARN_OBJC_IMPLICIT_RETAIN_SELF = YES;
				CLANG_WARN_OBJC_LITERAL_CONVERSION = YES;
				CLANG_WARN_OBJC_ROOT_CLASS = YES_ERROR;
				CLANG_WARN_QUOTED_INCLUDE_IN_FRAMEWORK_HEADER = YES;
				CLANG_WARN_RANGE_LOOP_ANALYSIS = YES;
				CLANG_WARN_STRICT_PROTOTYPES = YES;
				CLANG_WARN_SUSPICIOUS_MOVE = YES;
				CLANG_WARN_UNGUARDED_AVAILABILITY = YES_AGGRESSIVE;
				CLANG_WARN_UNREACHABLE_CODE = YES;
				CLANG_WARN__DUPLICATE_METHOD_MATCH = YES;
				COPY_PHASE_STRIP = NO;
				DEBUG_INFORMATION_FORMAT = "dwarf-with-dsym";
				ENABLE_NS_ASSERTIONS = NO;
				ENABLE_STRICT_OBJC_MSGSEND = YES;
				GCC_C_LANGUAGE_STANDARD = gnu11;
				GCC_NO_COMMON_BLOCKS = YES;
				GCC_WARN_64_TO_32_BIT_CONVERSION = YES;
				GCC_WARN_ABOUT_RETURN_TYPE = YES_ERROR;
				GCC_WARN_UNDECLARED_SELECTOR = YES;
				GCC_WARN_UNINITIALIZED_AUTOS = YES_AGGRESSIVE;
				GCC_WARN_UNUSED_FUNCTION = YES;
				GCC_WARN_UNUSED_VARIABLE = YES;
				IPHONEOS_DEPLOYMENT_TARGET = 14.4;
				MTL_ENABLE_DEBUG_INFO = NO;
				MTL_FAST_MATH = YES;
				SDKROOT = iphoneos;
				SWIFT_COMPILATION_MODE = wholemodule;
				SWIFT_OPTIMIZATION_LEVEL = "-O";
				VALIDATE_PRODUCT = YES;
			};
			name = Release;
		};
		5B9094E02747D1FF00704564 /* Debug */ = {
			isa = XCBuildConfiguration;
			baseConfigurationReference = 84028F0E64F403816285C141 /* Pods-GithubRepos.debug.xcconfig */;
			buildSettings = {
				ASSETCATALOG_COMPILER_APPICON_NAME = AppIcon;
				ASSETCATALOG_COMPILER_GLOBAL_ACCENT_COLOR_NAME = AccentColor;
				CODE_SIGN_STYLE = Automatic;
				DEVELOPMENT_TEAM = D4B6JH96D6;
				INFOPLIST_FILE = GithubRepos/Info.plist;
				LD_RUNPATH_SEARCH_PATHS = (
					"$(inherited)",
					"@executable_path/Frameworks",
				);
				PRODUCT_BUNDLE_IDENTIFIER = RobustaStudios.GithubRepos;
				PRODUCT_NAME = "$(TARGET_NAME)";
				SWIFT_VERSION = 5.0;
				TARGETED_DEVICE_FAMILY = "1,2";
			};
			name = Debug;
		};
		5B9094E12747D1FF00704564 /* Release */ = {
			isa = XCBuildConfiguration;
			baseConfigurationReference = 5B7EC3374B063B4F2B40EDD4 /* Pods-GithubRepos.release.xcconfig */;
			buildSettings = {
				ASSETCATALOG_COMPILER_APPICON_NAME = AppIcon;
				ASSETCATALOG_COMPILER_GLOBAL_ACCENT_COLOR_NAME = AccentColor;
				CODE_SIGN_STYLE = Automatic;
				DEVELOPMENT_TEAM = D4B6JH96D6;
				INFOPLIST_FILE = GithubRepos/Info.plist;
				LD_RUNPATH_SEARCH_PATHS = (
					"$(inherited)",
					"@executable_path/Frameworks",
				);
				PRODUCT_BUNDLE_IDENTIFIER = RobustaStudios.GithubRepos;
				PRODUCT_NAME = "$(TARGET_NAME)";
				SWIFT_VERSION = 5.0;
				TARGETED_DEVICE_FAMILY = "1,2";
			};
			name = Release;
		};
		5B9094E32747D1FF00704564 /* Debug */ = {
			isa = XCBuildConfiguration;
			baseConfigurationReference = D4EAD3356F242BB41B282F92 /* Pods-GithubReposTests.debug.xcconfig */;
			buildSettings = {
				ALWAYS_EMBED_SWIFT_STANDARD_LIBRARIES = YES;
				BUNDLE_LOADER = "$(TEST_HOST)";
				CODE_SIGN_STYLE = Automatic;
				DEVELOPMENT_TEAM = D4B6JH96D6;
				INFOPLIST_FILE = GithubReposTests/Info.plist;
				IPHONEOS_DEPLOYMENT_TARGET = 14.4;
				LD_RUNPATH_SEARCH_PATHS = (
					"$(inherited)",
					"@executable_path/Frameworks",
					"@loader_path/Frameworks",
				);
				PRODUCT_BUNDLE_IDENTIFIER = RobustaStudios.GithubReposTests;
				PRODUCT_NAME = "$(TARGET_NAME)";
				SWIFT_VERSION = 5.0;
				TARGETED_DEVICE_FAMILY = "1,2";
				TEST_HOST = "$(BUILT_PRODUCTS_DIR)/GithubRepos.app/GithubRepos";
			};
			name = Debug;
		};
		5B9094E42747D1FF00704564 /* Release */ = {
			isa = XCBuildConfiguration;
			baseConfigurationReference = 8EC18CC7A676EE1196F3DC1B /* Pods-GithubReposTests.release.xcconfig */;
			buildSettings = {
				ALWAYS_EMBED_SWIFT_STANDARD_LIBRARIES = YES;
				BUNDLE_LOADER = "$(TEST_HOST)";
				CODE_SIGN_STYLE = Automatic;
				DEVELOPMENT_TEAM = D4B6JH96D6;
				INFOPLIST_FILE = GithubReposTests/Info.plist;
				IPHONEOS_DEPLOYMENT_TARGET = 14.4;
				LD_RUNPATH_SEARCH_PATHS = (
					"$(inherited)",
					"@executable_path/Frameworks",
					"@loader_path/Frameworks",
				);
				PRODUCT_BUNDLE_IDENTIFIER = RobustaStudios.GithubReposTests;
				PRODUCT_NAME = "$(TARGET_NAME)";
				SWIFT_VERSION = 5.0;
				TARGETED_DEVICE_FAMILY = "1,2";
				TEST_HOST = "$(BUILT_PRODUCTS_DIR)/GithubRepos.app/GithubRepos";
			};
			name = Release;
		};
		5B9094E62747D1FF00704564 /* Debug */ = {
			isa = XCBuildConfiguration;
			baseConfigurationReference = C38B7263E22CF5D8E155221B /* Pods-GithubRepos-GithubReposUITests.debug.xcconfig */;
			buildSettings = {
				ALWAYS_EMBED_SWIFT_STANDARD_LIBRARIES = YES;
				CODE_SIGN_STYLE = Automatic;
				DEVELOPMENT_TEAM = D4B6JH96D6;
				INFOPLIST_FILE = GithubReposUITests/Info.plist;
				LD_RUNPATH_SEARCH_PATHS = (
					"$(inherited)",
					"@executable_path/Frameworks",
					"@loader_path/Frameworks",
				);
				PRODUCT_BUNDLE_IDENTIFIER = RobustaStudios.GithubReposUITests;
				PRODUCT_NAME = "$(TARGET_NAME)";
				SWIFT_VERSION = 5.0;
				TARGETED_DEVICE_FAMILY = "1,2";
				TEST_TARGET_NAME = GithubRepos;
			};
			name = Debug;
		};
		5B9094E72747D1FF00704564 /* Release */ = {
			isa = XCBuildConfiguration;
			baseConfigurationReference = A29328C1FE92036DEB27E6D3 /* Pods-GithubRepos-GithubReposUITests.release.xcconfig */;
			buildSettings = {
				ALWAYS_EMBED_SWIFT_STANDARD_LIBRARIES = YES;
				CODE_SIGN_STYLE = Automatic;
				DEVELOPMENT_TEAM = D4B6JH96D6;
				INFOPLIST_FILE = GithubReposUITests/Info.plist;
				LD_RUNPATH_SEARCH_PATHS = (
					"$(inherited)",
					"@executable_path/Frameworks",
					"@loader_path/Frameworks",
				);
				PRODUCT_BUNDLE_IDENTIFIER = RobustaStudios.GithubReposUITests;
				PRODUCT_NAME = "$(TARGET_NAME)";
				SWIFT_VERSION = 5.0;
				TARGETED_DEVICE_FAMILY = "1,2";
				TEST_TARGET_NAME = GithubRepos;
			};
			name = Release;
		};
/* End XCBuildConfiguration section */

/* Begin XCConfigurationList section */
		5B9094B02747D1FE00704564 /* Build configuration list for PBXProject "GithubRepos" */ = {
			isa = XCConfigurationList;
			buildConfigurations = (
				5B9094DD2747D1FF00704564 /* Debug */,
				5B9094DE2747D1FF00704564 /* Release */,
			);
			defaultConfigurationIsVisible = 0;
			defaultConfigurationName = Release;
		};
		5B9094DF2747D1FF00704564 /* Build configuration list for PBXNativeTarget "GithubRepos" */ = {
			isa = XCConfigurationList;
			buildConfigurations = (
				5B9094E02747D1FF00704564 /* Debug */,
				5B9094E12747D1FF00704564 /* Release */,
			);
			defaultConfigurationIsVisible = 0;
			defaultConfigurationName = Release;
		};
		5B9094E22747D1FF00704564 /* Build configuration list for PBXNativeTarget "GithubReposTests" */ = {
			isa = XCConfigurationList;
			buildConfigurations = (
				5B9094E32747D1FF00704564 /* Debug */,
				5B9094E42747D1FF00704564 /* Release */,
			);
			defaultConfigurationIsVisible = 0;
			defaultConfigurationName = Release;
		};
		5B9094E52747D1FF00704564 /* Build configuration list for PBXNativeTarget "GithubReposUITests" */ = {
			isa = XCConfigurationList;
			buildConfigurations = (
				5B9094E62747D1FF00704564 /* Debug */,
				5B9094E72747D1FF00704564 /* Release */,
			);
			defaultConfigurationIsVisible = 0;
			defaultConfigurationName = Release;
		};
/* End XCConfigurationList section */
	};
	rootObject = 5B9094AD2747D1FE00704564 /* Project object */;
}
